
Microsoft Visual Studio Solution File, Format Version 12.00
# Visual Studio Version 16
VisualStudioVersion = 16.0.30503.244
MinimumVisualStudioVersion = 10.0.40219.1
Project("{2150E333-8FDC-42A3-9474-1A3956D46DE8}") = "unidad 2", "unidad 2", "{14BDD3CE-094B-47BD-8A80-4884B698F9A2}"
EndProject
Project("{9A19103F-16F7-4668-BE54-9A1E7A4F7556}") = "actividad-2", "unidad 2\actividad-2\actividad-2.csproj", "{E5D04753-03C8-43E3-AB06-3DB5EE65F511}"
EndProject
Project("{9A19103F-16F7-4668-BE54-9A1E7A4F7556}") = "actividad-1", "unidad 2\actividad-1\actividad-1.csproj", "{D843993F-A1F9-4F66-8AD6-7C2D6E24EBE1}"
EndProject
Project("{9A19103F-16F7-4668-BE54-9A1E7A4F7556}") = "actividad-5", "unidad 2\actividad-5\actividad-5.csproj", "{5C85124D-F62C-4AAD-9068-7FBC99E9DF5A}"
EndProject
Project("{2150E333-8FDC-42A3-9474-1A3956D46DE8}") = "unidad 3", "unidad 3", "{EF5EF79D-DF69-47BA-B4D4-6A3F1C86BC3D}"
EndProject
Project("{2150E333-8FDC-42A3-9474-1A3956D46DE8}") = "unidad 4", "unidad 4", "{E7D72CDD-76C2-41A1-9A50-CEEAA01CDC8E}"
EndProject
Project("{2150E333-8FDC-42A3-9474-1A3956D46DE8}") = "unidad 5", "unidad 5", "{ED7EB92F-9880-4B02-859C-B2C4B538C7A4}"
EndProject
Project("{9A19103F-16F7-4668-BE54-9A1E7A4F7556}") = "actividad-4", "unidad 2\actividad-4\actividad-4.csproj", "{D378F901-B58A-4B23-A9FA-29C448CBD363}"
EndProject
Project("{9A19103F-16F7-4668-BE54-9A1E7A4F7556}") = "fruit-store", "unidad 3\fruit-store\fruit-store.csproj", "{5C836252-BDAB-41B1-BA7D-23D5F9954642}"
EndProject
Project("{9A19103F-16F7-4668-BE54-9A1E7A4F7556}") = "razas-perros", "unidad 3\razas-perros\razas-perros.csproj", "{13361AEE-D39B-4453-9B04-C127E7211D43}"
EndProject
Project("{9A19103F-16F7-4668-BE54-9A1E7A4F7556}") = "zoo-planet", "unidad 3\zoo-planet\zoo-planet.csproj", "{73B3917D-4252-4F05-AF11-D21F2D0A8941}"
EndProject
Project("{9A19103F-16F7-4668-BE54-9A1E7A4F7556}") = "actividad-1", "unidad 4\actividad-1\actividad-1.csproj", "{BBB94577-450C-412E-A3DC-BEE13EA37BE2}"
EndProject
Project("{9A19103F-16F7-4668-BE54-9A1E7A4F7556}") = "actividad-2", "unidad 4\actividad-2\actividad-2.csproj", "{86F0C6C7-2ECE-4137-AFBC-9EB8986F0F55}"
EndProject
Project("{9A19103F-16F7-4668-BE54-9A1E7A4F7556}") = "catalogo-botanico", "unidad 5\catalogo-botanico\catalogo-botanico.csproj", "{71A236EA-0243-473F-A41E-DF5E6B87E04C}"
EndProject
Project("{9A19103F-16F7-4668-BE54-9A1E7A4F7556}") = "actividad-3", "unidad 2\actividad-3\actividad-3.csproj", "{8920A65A-0560-42A2-8B78-ABBB5B7E4BC3}"
EndProject
Global
	GlobalSection(SolutionConfigurationPlatforms) = preSolution
		Debug|Any CPU = Debug|Any CPU
		Release|Any CPU = Release|Any CPU
	EndGlobalSection
	GlobalSection(ProjectConfigurationPlatforms) = postSolution
		{E5D04753-03C8-43E3-AB06-3DB5EE65F511}.Debug|Any CPU.ActiveCfg = Debug|Any CPU
		{E5D04753-03C8-43E3-AB06-3DB5EE65F511}.Debug|Any CPU.Build.0 = Debug|Any CPU
		{E5D04753-03C8-43E3-AB06-3DB5EE65F511}.Release|Any CPU.ActiveCfg = Release|Any CPU
		{E5D04753-03C8-43E3-AB06-3DB5EE65F511}.Release|Any CPU.Build.0 = Release|Any CPU
		{D843993F-A1F9-4F66-8AD6-7C2D6E24EBE1}.Debug|Any CPU.ActiveCfg = Debug|Any CPU
		{D843993F-A1F9-4F66-8AD6-7C2D6E24EBE1}.Debug|Any CPU.Build.0 = Debug|Any CPU
		{D843993F-A1F9-4F66-8AD6-7C2D6E24EBE1}.Release|Any CPU.ActiveCfg = Release|Any CPU
		{D843993F-A1F9-4F66-8AD6-7C2D6E24EBE1}.Release|Any CPU.Build.0 = Release|Any CPU
		{5C85124D-F62C-4AAD-9068-7FBC99E9DF5A}.Debug|Any CPU.ActiveCfg = Debug|Any CPU
		{5C85124D-F62C-4AAD-9068-7FBC99E9DF5A}.Debug|Any CPU.Build.0 = Debug|Any CPU
		{5C85124D-F62C-4AAD-9068-7FBC99E9DF5A}.Release|Any CPU.ActiveCfg = Release|Any CPU
		{5C85124D-F62C-4AAD-9068-7FBC99E9DF5A}.Release|Any CPU.Build.0 = Release|Any CPU
		{D378F901-B58A-4B23-A9FA-29C448CBD363}.Debug|Any CPU.ActiveCfg = Debug|Any CPU
		{D378F901-B58A-4B23-A9FA-29C448CBD363}.Debug|Any CPU.Build.0 = Debug|Any CPU
		{D378F901-B58A-4B23-A9FA-29C448CBD363}.Release|Any CPU.ActiveCfg = Release|Any CPU
		{D378F901-B58A-4B23-A9FA-29C448CBD363}.Release|Any CPU.Build.0 = Release|Any CPU
		{5C836252-BDAB-41B1-BA7D-23D5F9954642}.Debug|Any CPU.ActiveCfg = Debug|Any CPU
		{5C836252-BDAB-41B1-BA7D-23D5F9954642}.Debug|Any CPU.Build.0 = Debug|Any CPU
		{5C836252-BDAB-41B1-BA7D-23D5F9954642}.Release|Any CPU.ActiveCfg = Release|Any CPU
		{5C836252-BDAB-41B1-BA7D-23D5F9954642}.Release|Any CPU.Build.0 = Release|Any CPU
		{13361AEE-D39B-4453-9B04-C127E7211D43}.Debug|Any CPU.ActiveCfg = Debug|Any CPU
		{13361AEE-D39B-4453-9B04-C127E7211D43}.Debug|Any CPU.Build.0 = Debug|Any CPU
		{13361AEE-D39B-4453-9B04-C127E7211D43}.Release|Any CPU.ActiveCfg = Release|Any CPU
		{13361AEE-D39B-4453-9B04-C127E7211D43}.Release|Any CPU.Build.0 = Release|Any CPU
		{73B3917D-4252-4F05-AF11-D21F2D0A8941}.Debug|Any CPU.ActiveCfg = Debug|Any CPU
		{73B3917D-4252-4F05-AF11-D21F2D0A8941}.Debug|Any CPU.Build.0 = Debug|Any CPU
		{73B3917D-4252-4F05-AF11-D21F2D0A8941}.Release|Any CPU.ActiveCfg = Release|Any CPU
		{73B3917D-4252-4F05-AF11-D21F2D0A8941}.Release|Any CPU.Build.0 = Release|Any CPU
		{BBB94577-450C-412E-A3DC-BEE13EA37BE2}.Debug|Any CPU.ActiveCfg = Debug|Any CPU
		{BBB94577-450C-412E-A3DC-BEE13EA37BE2}.Debug|Any CPU.Build.0 = Debug|Any CPU
		{BBB94577-450C-412E-A3DC-BEE13EA37BE2}.Release|Any CPU.ActiveCfg = Release|Any CPU
		{BBB94577-450C-412E-A3DC-BEE13EA37BE2}.Release|Any CPU.Build.0 = Release|Any CPU
		{86F0C6C7-2ECE-4137-AFBC-9EB8986F0F55}.Debug|Any CPU.ActiveCfg = Debug|Any CPU
		{86F0C6C7-2ECE-4137-AFBC-9EB8986F0F55}.Debug|Any CPU.Build.0 = Debug|Any CPU
		{86F0C6C7-2ECE-4137-AFBC-9EB8986F0F55}.Release|Any CPU.ActiveCfg = Release|Any CPU
		{86F0C6C7-2ECE-4137-AFBC-9EB8986F0F55}.Release|Any CPU.Build.0 = Release|Any CPU
		{71A236EA-0243-473F-A41E-DF5E6B87E04C}.Debug|Any CPU.ActiveCfg = Debug|Any CPU
		{71A236EA-0243-473F-A41E-DF5E6B87E04C}.Debug|Any CPU.Build.0 = Debug|Any CPU
		{71A236EA-0243-473F-A41E-DF5E6B87E04C}.Release|Any CPU.ActiveCfg = Release|Any CPU
		{71A236EA-0243-473F-A41E-DF5E6B87E04C}.Release|Any CPU.Build.0 = Release|Any CPU
		{8920A65A-0560-42A2-8B78-ABBB5B7E4BC3}.Debug|Any CPU.ActiveCfg = Debug|Any CPU
		{8920A65A-0560-42A2-8B78-ABBB5B7E4BC3}.Debug|Any CPU.Build.0 = Debug|Any CPU
		{8920A65A-0560-42A2-8B78-ABBB5B7E4BC3}.Release|Any CPU.ActiveCfg = Release|Any CPU
		{8920A65A-0560-42A2-8B78-ABBB5B7E4BC3}.Release|Any CPU.Build.0 = Release|Any CPU
	EndGlobalSection
	GlobalSection(SolutionProperties) = preSolution
		HideSolutionNode = FALSE
	EndGlobalSection
	GlobalSection(NestedProjects) = preSolution
		{E5D04753-03C8-43E3-AB06-3DB5EE65F511} = {14BDD3CE-094B-47BD-8A80-4884B698F9A2}
		{D843993F-A1F9-4F66-8AD6-7C2D6E24EBE1} = {14BDD3CE-094B-47BD-8A80-4884B698F9A2}
		{5C85124D-F62C-4AAD-9068-7FBC99E9DF5A} = {14BDD3CE-094B-47BD-8A80-4884B698F9A2}
		{D378F901-B58A-4B23-A9FA-29C448CBD363} = {14BDD3CE-094B-47BD-8A80-4884B698F9A2}
		{5C836252-BDAB-41B1-BA7D-23D5F9954642} = {EF5EF79D-DF69-47BA-B4D4-6A3F1C86BC3D}
		{13361AEE-D39B-4453-9B04-C127E7211D43} = {EF5EF79D-DF69-47BA-B4D4-6A3F1C86BC3D}
		{73B3917D-4252-4F05-AF11-D21F2D0A8941} = {EF5EF79D-DF69-47BA-B4D4-6A3F1C86BC3D}
		{BBB94577-450C-412E-A3DC-BEE13EA37BE2} = {E7D72CDD-76C2-41A1-9A50-CEEAA01CDC8E}
		{86F0C6C7-2ECE-4137-AFBC-9EB8986F0F55} = {E7D72CDD-76C2-41A1-9A50-CEEAA01CDC8E}
		{71A236EA-0243-473F-A41E-DF5E6B87E04C} = {ED7EB92F-9880-4B02-859C-B2C4B538C7A4}
		{8920A65A-0560-42A2-8B78-ABBB5B7E4BC3} = {14BDD3CE-094B-47BD-8A80-4884B698F9A2}
	EndGlobalSection
	GlobalSection(ExtensibilityGlobals) = postSolution
		SolutionGuid = {CCD6535D-22D8-42E6-B868-B3FAA204E04A}
	EndGlobalSection
EndGlobal
